# THIS IS AN AUTOGENERATED FILE. DO NOT EDIT THIS FILE DIRECTLY.
# yarn lockfile v1


"@angular/common@^13":
  version "13.4.0"
  resolved "https://registry.npmjs.org/@angular/common/-/common-13.4.0.tgz#add32b9d9aa4597b72e23ba715d43b35d1e94c1c"
  integrity sha512-DHbPqRaxW7GmnkxqZaaasgC5OaFTeTBrmr7MJUsqsSGePHWuJYWU4QS3Fn86zd/VESJgBGmq2aCDEUmzfjnRQA==
  dependencies:
    tslib "^2.3.0"

"@angular/core@^13":
  version "13.4.0"
  resolved "https://registry.npmjs.org/@angular/core/-/core-13.4.0.tgz#1418e3c2be203dd7d72494dd43279483757eacff"
  integrity sha512-RE9KL7pRj+3lkJjdSR2uKmqiG0gqjnoVCMbSLG93pWrmzNIhElmlkiDaK39aMHGl836dc68Usv9CEisyVnRqHQ==
  dependencies:
    tslib "^2.3.0"

"@angular/router@^13":
  version "13.4.0"
  resolved "https://registry.npmjs.org/@angular/router/-/router-13.4.0.tgz#f5ee4b4c463098c435a7c4b2a8a0d7c7ee3a1131"
  integrity sha512-YlPAf3tPqD04rAMPAwW+XqFQaBXT9fY2Mh7J/9MXeyLZau59afBIcVNbeQxW5RxDajmfyFy437Qh22qFP2l0Hw==
  dependencies:
    tslib "^2.3.0"

"@hpf2e/sentinel-browser@2.1.81":
  version "2.1.81"
  resolved "https://registry.npmjs.org/@hpf2e/sentinel-browser/-/sentinel-browser-2.1.81.tgz#a4cdcaa1ae0a4ac55e8cce10dfa6bb44e46fc838"
  integrity sha512-Prvq2fwxKsvpjj5vjgbhc4cVyY5jt9fFDObkFvbqQ/UxkUwFR1qUAZdS9c8JoG0kxYUosfRqwRC8F7RFaOwiCw==
  dependencies:
    "@hpf2e/sentinel-core" "2.1.81"
    "@hpf2e/sentinel-shared" "2.1.81"
    "@hpf2e/sentinel-types" "2.1.81"
    "@hpf2e/sentinel-utils" "2.1.81"

"@hpf2e/sentinel-core@2.1.81":
  version "2.1.81"
  resolved "https://registry.npmjs.org/@hpf2e/sentinel-core/-/sentinel-core-2.1.81.tgz#7e02f5ef41d40acd4f441e79c4c13101a6889f2d"
  integrity sha512-WmoxQae19lLhzz4n9MxVrz04Ut6w/X/EN4ZgFLU/0gbBV/h3mCuNf2kqL5hARz/QKKuJacAbGM9CG7VA5DNdlg==
  dependencies:
    "@hpf2e/sentinel-shared" "2.1.81"
    "@hpf2e/sentinel-types" "2.1.81"
    "@hpf2e/sentinel-utils" "2.1.81"

"@hpf2e/sentinel-shared@2.1.81":
  version "2.1.81"
  resolved "https://registry.npmjs.org/@hpf2e/sentinel-shared/-/sentinel-shared-2.1.81.tgz#fd0b7495a5ff33a53928c597c201481a858ceec9"
  integrity sha512-h3RGNghlDtsZVWNKInbPCil2kSynKWwXcPqjf7Rp4uwv+jqBTuX6K2J4ABnjbHQFFPEzajBKCEkqF1mz/2gcLw==

"@hpf2e/sentinel-types@2.1.81":
  version "2.1.81"
  resolved "https://registry.npmjs.org/@hpf2e/sentinel-types/-/sentinel-types-2.1.81.tgz#2083ec794775f76d785c3cefb9e3a40b2a3f4762"
  integrity sha512-DDfh9JYx9B4G61b08WvPMWYFgy61Anql++xPTH/rYDpjVIKmAuJz1Q1b8WIjxwOUgDTxYSJHBLx3qHz5mUWF4w==
  dependencies:
    "@hpf2e/sentinel-browser" "2.1.81"
    "@hpf2e/sentinel-core" "2.1.81"
    "@hpf2e/sentinel-shared" "2.1.81"
    "@hpf2e/sentinel-utils" "2.1.81"

"@hpf2e/sentinel-utils@2.1.81":
  version "2.1.81"
  resolved "https://registry.npmjs.org/@hpf2e/sentinel-utils/-/sentinel-utils-2.1.81.tgz#e0247938ee639514a79fa0c835c8eef6d32f94e9"
  integrity sha512-ZOHHcUGoFVvTsBLRM9DByxC1anfqeqKPASKs9efMIbyYHbBPHJHByn+JQ3QoWY7W+OdNmX8/yF2XnJdve5BayQ==
  dependencies:
    "@hpf2e/sentinel-browser" "2.1.81"
    "@hpf2e/sentinel-core" "2.1.81"
    "@hpf2e/sentinel-shared" "2.1.81"
    "@hpf2e/sentinel-types" "2.1.81"

rxjs@^7.5:
  version "7.8.1"
  resolved "https://registry.npmjs.org/rxjs/-/rxjs-7.8.1.tgz#6f6f3d99ea8044291efd92e7c7fcf562c4057543"
  integrity sha512-AA3TVj+0A2iuIoQkWEK/tqFjBq2j+6PO6Y0zJcvzLAFhEFIO3HL0vls9hWLncZbAAbK0mar7oZ4V079I/qPMxg==
  dependencies:
    tslib "^2.1.0"

tslib@^2.1.0, tslib@^2.3.0:
  version "2.6.2"
  resolved "https://registry.npmjs.org/tslib/-/tslib-2.6.2.tgz#703ac29425e7b37cd6fd456e92404d46d1f3e4ae"
  integrity sha512-AEYxH93jGFPn/a2iVAwW87VuUIkR1FVUKB77NwMF7nBTDkDrrT/Hpt/IrCJ0QXhW27jTBDcf5ZY7w6RiqTMw2Q==
